{
  "name": "jquery-demo",
  "version": "1.0.0",
  "lockfileVersion": 1,
  "requires": true,
  "dependencies": {
    "jquery": {
      "version": "3.3.1",
      "resolved": "http://r.cnpmjs.org/jquery/download/jquery-3.3.1.tgz",
      "integrity": "sha1-lYzinoHJeQ8xvneS311NlfxX+8o="
    },
    "jquery-datetimepicker": {
      "version": "2.5.20",
      "resolved": "http://r.cnpmjs.org/jquery-datetimepicker/download/jquery-datetimepicker-2.5.20.tgz",
      "integrity": "sha1-aH1iBLkLA9yT9yX43wNuHQYfN6w=",
      "dev": true,
      "requires": {
        "jquery": "3.3.1",
        "jquery-mousewheel": "3.1.13",
        "php-date-formatter": "1.3.4"
      }
    },
    "jquery-mousewheel": {
      "version": "3.1.13",
      "resolved": "http://r.cnpmjs.org/jquery-mousewheel/download/jquery-mousewheel-3.1.13.tgz",
      "integrity": "sha1-BvAzXxbjU6aV5yBr9QUDy1I6buU=",
      "dev": true
    },
    "normalize.css": {
      "version": "8.0.0",
      "resolved": "http://r.cnpmjs.org/normalize.css/download/normalize.css-8.0.0.tgz",
      "integrity": "sha1-FKxeRhYSU4pM6b6Qp9oj+G5xhJM="
    },
    "php-date-formatter": {
      "version": "1.3.4",
      "resolved": "http://r.cnpmjs.org/php-date-formatter/download/php-date-formatter-1.3.4.tgz",
      "integrity": "sha1-CaFa4HZroL6xkAwnwewxnvLkVj4=",
      "dev": true
    },
    "store": {
      "version": "2.0.12",
      "resolved": "http://r.cnpmjs.org/store/download/store-2.0.12.tgz",
      "integrity": "sha1-jFNOKguDH3K3X8XxEZhXxE711ZM=",
      "dev": true
    },
    "store.js": {
      "version": "1.0.4",
      "resolved": "http://r.cnpmjs.org/store.js/download/store.js-1.0.4.tgz",
      "integrity": "sha1-vmne8H2Y4blL5Bc38H+xNfsG+C8=",
      "dev": true
    }
  }
}
